
Microsoft Visual Studio Solution File, Format Version 12.00
# Visual Studio 14
VisualStudioVersion = 14.0.24720.0
MinimumVisualStudioVersion = 10.0.40219.1
Project("{FAE04EC0-301F-11D3-BF4B-00C04F79EFBC}") = "BackPackOptimizer.ConsoleClient", "Clients\Console\BackPackOptimizer.ConsoleClient.csproj", "{BB595DF3-42F6-4259-ADD4-74C9215C1519}"
EndProject
Project("{FAE04EC0-301F-11D3-BF4B-00C04F79EFBC}") = "BackPackOptimizer.Contract", "Contract\BackPackOptimizer.Contract.csproj", "{D203134E-5F1D-4C29-B70D-7145202923C7}"
EndProject
Project("{FAE04EC0-301F-11D3-BF4B-00C04F79EFBC}") = "BackPackOptimizer.Runtime", "Runtime\BackPackOptimizer.Runtime.csproj", "{46C72DEE-5FBD-4C7F-8EF3-7CFA5E482119}"
EndProject
Project("{2150E333-8FDC-42A3-9474-1A3956D46DE8}") = "Solution Items", "Solution Items", "{119B00D5-6DC8-4B28-B187-EC45F10CA1B6}"
	ProjectSection(SolutionItems) = preProject
		ClassDiagram1.png = ClassDiagram1.png
		nuget.config = nuget.config
	EndProjectSection
EndProject
Project("{2150E333-8FDC-42A3-9474-1A3956D46DE8}") = "Clients", "Clients", "{9E713635-3028-433E-AA58-01B99E814D41}"
EndProject
Project("{FAE04EC0-301F-11D3-BF4B-00C04F79EFBC}") = "DataProviders.CsvProvider", "DataProviders\CsvProvider\DataProviders.CsvProvider.csproj", "{BF346A9B-1D4D-4541-97FE-FD216AF12D4D}"
EndProject
Project("{2150E333-8FDC-42A3-9474-1A3956D46DE8}") = "BackPackOptimizer", "BackPackOptimizer", "{F32A687F-C9F8-4E51-AEA7-597A0B64E5A6}"
EndProject
Project("{2150E333-8FDC-42A3-9474-1A3956D46DE8}") = "DataProviders", "DataProviders", "{37B10BCA-C716-4E0A-805D-CBFD04DA62C8}"
EndProject
Project("{FAE04EC0-301F-11D3-BF4B-00C04F79EFBC}") = "DataProviders.Contract", "DataProviders\DataProviders.Contract\DataProviders.Contract.csproj", "{13E5F90B-DAA1-417D-97EE-FA7B36FDB102}"
EndProject
Global
	GlobalSection(SolutionConfigurationPlatforms) = preSolution
		Debug|Any CPU = Debug|Any CPU
		Release|Any CPU = Release|Any CPU
	EndGlobalSection
	GlobalSection(ProjectConfigurationPlatforms) = postSolution
		{BB595DF3-42F6-4259-ADD4-74C9215C1519}.Debug|Any CPU.ActiveCfg = Debug|Any CPU
		{BB595DF3-42F6-4259-ADD4-74C9215C1519}.Debug|Any CPU.Build.0 = Debug|Any CPU
		{BB595DF3-42F6-4259-ADD4-74C9215C1519}.Release|Any CPU.ActiveCfg = Release|Any CPU
		{BB595DF3-42F6-4259-ADD4-74C9215C1519}.Release|Any CPU.Build.0 = Release|Any CPU
		{D203134E-5F1D-4C29-B70D-7145202923C7}.Debug|Any CPU.ActiveCfg = Debug|Any CPU
		{D203134E-5F1D-4C29-B70D-7145202923C7}.Debug|Any CPU.Build.0 = Debug|Any CPU
		{D203134E-5F1D-4C29-B70D-7145202923C7}.Release|Any CPU.ActiveCfg = Release|Any CPU
		{D203134E-5F1D-4C29-B70D-7145202923C7}.Release|Any CPU.Build.0 = Release|Any CPU
		{46C72DEE-5FBD-4C7F-8EF3-7CFA5E482119}.Debug|Any CPU.ActiveCfg = Debug|Any CPU
		{46C72DEE-5FBD-4C7F-8EF3-7CFA5E482119}.Debug|Any CPU.Build.0 = Debug|Any CPU
		{46C72DEE-5FBD-4C7F-8EF3-7CFA5E482119}.Release|Any CPU.ActiveCfg = Release|Any CPU
		{46C72DEE-5FBD-4C7F-8EF3-7CFA5E482119}.Release|Any CPU.Build.0 = Release|Any CPU
		{BF346A9B-1D4D-4541-97FE-FD216AF12D4D}.Debug|Any CPU.ActiveCfg = Debug|Any CPU
		{BF346A9B-1D4D-4541-97FE-FD216AF12D4D}.Debug|Any CPU.Build.0 = Debug|Any CPU
		{BF346A9B-1D4D-4541-97FE-FD216AF12D4D}.Release|Any CPU.ActiveCfg = Release|Any CPU
		{BF346A9B-1D4D-4541-97FE-FD216AF12D4D}.Release|Any CPU.Build.0 = Release|Any CPU
		{13E5F90B-DAA1-417D-97EE-FA7B36FDB102}.Debug|Any CPU.ActiveCfg = Debug|Any CPU
		{13E5F90B-DAA1-417D-97EE-FA7B36FDB102}.Debug|Any CPU.Build.0 = Debug|Any CPU
		{13E5F90B-DAA1-417D-97EE-FA7B36FDB102}.Release|Any CPU.ActiveCfg = Release|Any CPU
		{13E5F90B-DAA1-417D-97EE-FA7B36FDB102}.Release|Any CPU.Build.0 = Release|Any CPU
	EndGlobalSection
	GlobalSection(SolutionProperties) = preSolution
		HideSolutionNode = FALSE
	EndGlobalSection
	GlobalSection(NestedProjects) = preSolution
		{BB595DF3-42F6-4259-ADD4-74C9215C1519} = {9E713635-3028-433E-AA58-01B99E814D41}
		{D203134E-5F1D-4C29-B70D-7145202923C7} = {F32A687F-C9F8-4E51-AEA7-597A0B64E5A6}
		{46C72DEE-5FBD-4C7F-8EF3-7CFA5E482119} = {F32A687F-C9F8-4E51-AEA7-597A0B64E5A6}
		{BF346A9B-1D4D-4541-97FE-FD216AF12D4D} = {37B10BCA-C716-4E0A-805D-CBFD04DA62C8}
		{13E5F90B-DAA1-417D-97EE-FA7B36FDB102} = {37B10BCA-C716-4E0A-805D-CBFD04DA62C8}
	EndGlobalSection
EndGlobal
